<?xml version="1.0" encoding="utf-8"?>
<Project ToolsVersion="4.0" xmlns="http://schemas.microsoft.com/developer/msbuild/2003">
  <ItemGroup>
    <Filter Include="Source files">
      <UniqueIdentifier>{500981e5-b744-4c7b-b02c-d144f0cc5e6e}</UniqueIdentifier>
      <Extensions>cpp;c;cc;cxx;def;odl;idl;hpj;bat;asm;asmx</Extensions>
    </Filter>
    <Filter Include="Header files">
      <UniqueIdentifier>{390d8ad4-0dff-4a4b-a479-cc14d2e67dbb}</UniqueIdentifier>
      <Extensions>h;hpp;hxx;hm;inl;inc;xsd</Extensions>
    </Filter>
    <Filter Include="Resource files">
      <UniqueIdentifier>{40d44e97-70e0-4e0d-88b1-96cd7f9486a9}</UniqueIdentifier>
      <Extensions>rc;ico;cur;bmp;dlg;rc2;rct;bin;rgs;gif;jpg;jpeg;jpe;resx;tiff;tif;png;wav</Extensions>
    </Filter>
    <Filter Include="Source files\Core">
      <UniqueIdentifier>{40f261fd-7100-4203-b2b6-b9ecc6323c28}</UniqueIdentifier>
    </Filter>
    <Filter Include="Source files\Core\Inc">
      <UniqueIdentifier>{c07aac08-1d10-44e1-b8f4-21ef0068f2a2}</UniqueIdentifier>
    </Filter>
    <Filter Include="Source files\Core\Src">
      <UniqueIdentifier>{e36b087c-ee6e-4174-80d4-acd22c2ce528}</UniqueIdentifier>
    </Filter>
    <Filter Include="Source files\Core\Startup">
      <UniqueIdentifier>{c481caf6-66f6-4b07-be7b-286b909c0d01}</UniqueIdentifier>
    </Filter>
    <Filter Include="Source files\Drivers">
      <UniqueIdentifier>{7796df5c-c878-4004-a157-6920676733b2}</UniqueIdentifier>
    </Filter>
    <Filter Include="Source files\Drivers\CMSIS">
      <UniqueIdentifier>{ae303598-4b54-497c-976b-cdb46daaa0cf}</UniqueIdentifier>
    </Filter>
    <Filter Include="Source files\Drivers\CMSIS\Device">
      <UniqueIdentifier>{f39c1654-1de0-40f6-be97-3ffd4c939adf}</UniqueIdentifier>
    </Filter>
    <Filter Include="Source files\Drivers\CMSIS\Device\ST">
      <UniqueIdentifier>{62361447-b2cb-4aee-9cb8-a8201a4ac714}</UniqueIdentifier>
    </Filter>
    <Filter Include="Source files\Drivers\CMSIS\Device\ST\STM32F4xx">
      <UniqueIdentifier>{6544d9a4-e542-428d-8cc9-4fcd2a011692}</UniqueIdentifier>
    </Filter>
    <Filter Include="Source files\Drivers\CMSIS\Device\ST\STM32F4xx\Include">
      <UniqueIdentifier>{e5bb93b4-c720-4cea-99e0-d6b02af0111d}</UniqueIdentifier>
    </Filter>
    <Filter Include="Source files\Drivers\CMSIS\Include">
      <UniqueIdentifier>{853502b1-90a1-4b06-9b18-721f165b1922}</UniqueIdentifier>
    </Filter>
    <Filter Include="Source files\Drivers\STM32F4xx_HAL_Driver">
      <UniqueIdentifier>{e5ede8d7-4b84-4a50-9852-1bdfa92dbfb4}</UniqueIdentifier>
    </Filter>
    <Filter Include="Source files\Drivers\STM32F4xx_HAL_Driver\Inc">
      <UniqueIdentifier>{96a84f20-2115-4a56-b373-a9c0021fada9}</UniqueIdentifier>
    </Filter>
    <Filter Include="Source files\Drivers\STM32F4xx_HAL_Driver\Inc\Legacy">
      <UniqueIdentifier>{13f49d16-718c-48d2-8987-9bd27687a2da}</UniqueIdentifier>
    </Filter>
    <Filter Include="Source files\Drivers\STM32F4xx_HAL_Driver\Src">
      <UniqueIdentifier>{d648c5a0-01e4-4ceb-b37f-51950301aaf7}</UniqueIdentifier>
    </Filter>
    <Filter Include="Source files\Device-specific files">
      <UniqueIdentifier>{8cc26da6-255b-4293-a9bc-65840c27a335}</UniqueIdentifier>
    </Filter>
    <Filter Include="Header files\Core">
      <UniqueIdentifier>{28cbf6c5-ce8b-4f30-90cc-8288c80d55bd}</UniqueIdentifier>
    </Filter>
    <Filter Include="Header files\Core\Inc">
      <UniqueIdentifier>{8441971e-dcdb-45de-9d02-ec08a880843f}</UniqueIdentifier>
    </Filter>
    <Filter Include="Header files\Core\Src">
      <UniqueIdentifier>{497d9448-acc8-4b57-b334-81aa213a9285}</UniqueIdentifier>
    </Filter>
    <Filter Include="Header files\Core\Startup">
      <UniqueIdentifier>{0d443b58-a84e-42aa-9519-3871903d8a46}</UniqueIdentifier>
    </Filter>
    <Filter Include="Header files\Drivers">
      <UniqueIdentifier>{11565681-378b-4a1a-8b78-b97e1a69894b}</UniqueIdentifier>
    </Filter>
    <Filter Include="Header files\Drivers\CMSIS">
      <UniqueIdentifier>{05d46373-4a69-4cf8-8c92-55f3621953b4}</UniqueIdentifier>
    </Filter>
    <Filter Include="Header files\Drivers\CMSIS\Device">
      <UniqueIdentifier>{d75ecd01-6733-4f5d-b075-7b8bb4c24827}</UniqueIdentifier>
    </Filter>
    <Filter Include="Header files\Drivers\CMSIS\Device\ST">
      <UniqueIdentifier>{027ef5dc-7c2e-473e-a808-3ff20fe9a363}</UniqueIdentifier>
    </Filter>
    <Filter Include="Header files\Drivers\CMSIS\Device\ST\STM32F4xx">
      <UniqueIdentifier>{bf47d5fc-8885-42c8-ade6-6b84d00b6b03}</UniqueIdentifier>
    </Filter>
    <Filter Include="Header files\Drivers\CMSIS\Device\ST\STM32F4xx\Include">
      <UniqueIdentifier>{500e8e63-8ef7-4aff-ba98-060da53f1d45}</UniqueIdentifier>
    </Filter>
    <Filter Include="Header files\Drivers\CMSIS\Include">
      <UniqueIdentifier>{744a8085-e64e-41e7-93dd-8256c8e2bb56}</UniqueIdentifier>
    </Filter>
    <Filter Include="Header files\Drivers\STM32F4xx_HAL_Driver">
      <UniqueIdentifier>{e3dc09cd-3ad3-4f94-a6cc-9f8541e5eb4a}</UniqueIdentifier>
    </Filter>
    <Filter Include="Header files\Drivers\STM32F4xx_HAL_Driver\Inc">
      <UniqueIdentifier>{4bc4902c-795d-44e5-bea3-acec8bca767c}</UniqueIdentifier>
    </Filter>
    <Filter Include="Header files\Drivers\STM32F4xx_HAL_Driver\Inc\Legacy">
      <UniqueIdentifier>{e8054dc8-7535-4686-9754-9f0bc64966f2}</UniqueIdentifier>
    </Filter>
    <Filter Include="Header files\Drivers\STM32F4xx_HAL_Driver\Src">
      <UniqueIdentifier>{34b7fc8c-8d89-4fe3-bccc-591bf8d293ff}</UniqueIdentifier>
    </Filter>
    <Filter Include="Header files\Device-specific files">
      <UniqueIdentifier>{60d4607d-d6b5-4125-ac69-f71856b8b5bd}</UniqueIdentifier>
    </Filter>
    <Filter Include="VisualGDB settings">
      <UniqueIdentifier>{c27d53e3-c682-49cf-9bb4-eb2cabd76f27}</UniqueIdentifier>
    </Filter>
  </ItemGroup>
  <ItemGroup>
    <ClCompile Include="Core\Src\main.c">
      <Filter>Source files\Core\Src</Filter>
    </ClCompile>
    <ClCompile Include="Core\Src\stm32f4xx_hal_msp.c">
      <Filter>Source files\Core\Src</Filter>
    </ClCompile>
    <ClCompile Include="Core\Src\stm32f4xx_it.c">
      <Filter>Source files\Core\Src</Filter>
    </ClCompile>
    <ClCompile Include="Core\Src\syscalls.c">
      <Filter>Source files\Core\Src</Filter>
    </ClCompile>
    <ClCompile Include="Core\Src\sysmem.c">
      <Filter>Source files\Core\Src</Filter>
    </ClCompile>
    <ClCompile Include="Core\Src\system_stm32f4xx.c">
      <Filter>Source files\Core\Src</Filter>
    </ClCompile>
    <ClCompile Include="Core\Startup\startup_stm32f446retx.S">
      <Filter>Source files\Core\Startup</Filter>
    </ClCompile>
    <ClCompile Include="Drivers\STM32F4xx_HAL_Driver\Src\stm32f4xx_hal.c">
      <Filter>Source files\Drivers\STM32F4xx_HAL_Driver\Src</Filter>
    </ClCompile>
    <ClCompile Include="Drivers\STM32F4xx_HAL_Driver\Src\stm32f4xx_hal_cortex.c">
      <Filter>Source files\Drivers\STM32F4xx_HAL_Driver\Src</Filter>
    </ClCompile>
    <ClCompile Include="Drivers\STM32F4xx_HAL_Driver\Src\stm32f4xx_hal_dma.c">
      <Filter>Source files\Drivers\STM32F4xx_HAL_Driver\Src</Filter>
    </ClCompile>
    <ClCompile Include="Drivers\STM32F4xx_HAL_Driver\Src\stm32f4xx_hal_dma_ex.c">
      <Filter>Source files\Drivers\STM32F4xx_HAL_Driver\Src</Filter>
    </ClCompile>
    <ClCompile Include="Drivers\STM32F4xx_HAL_Driver\Src\stm32f4xx_hal_exti.c">
      <Filter>Source files\Drivers\STM32F4xx_HAL_Driver\Src</Filter>
    </ClCompile>
    <ClCompile Include="Drivers\STM32F4xx_HAL_Driver\Src\stm32f4xx_hal_flash.c">
      <Filter>Source files\Drivers\STM32F4xx_HAL_Driver\Src</Filter>
    </ClCompile>
    <ClCompile Include="Drivers\STM32F4xx_HAL_Driver\Src\stm32f4xx_hal_flash_ex.c">
      <Filter>Source files\Drivers\STM32F4xx_HAL_Driver\Src</Filter>
    </ClCompile>
    <ClCompile Include="Drivers\STM32F4xx_HAL_Driver\Src\stm32f4xx_hal_flash_ramfunc.c">
      <Filter>Source files\Drivers\STM32F4xx_HAL_Driver\Src</Filter>
    </ClCompile>
    <ClCompile Include="Drivers\STM32F4xx_HAL_Driver\Src\stm32f4xx_hal_gpio.c">
      <Filter>Source files\Drivers\STM32F4xx_HAL_Driver\Src</Filter>
    </ClCompile>
    <ClCompile Include="Drivers\STM32F4xx_HAL_Driver\Src\stm32f4xx_hal_pwr.c">
      <Filter>Source files\Drivers\STM32F4xx_HAL_Driver\Src</Filter>
    </ClCompile>
    <ClCompile Include="Drivers\STM32F4xx_HAL_Driver\Src\stm32f4xx_hal_pwr_ex.c">
      <Filter>Source files\Drivers\STM32F4xx_HAL_Driver\Src</Filter>
    </ClCompile>
    <ClCompile Include="Drivers\STM32F4xx_HAL_Driver\Src\stm32f4xx_hal_rcc.c">
      <Filter>Source files\Drivers\STM32F4xx_HAL_Driver\Src</Filter>
    </ClCompile>
    <ClCompile Include="Drivers\STM32F4xx_HAL_Driver\Src\stm32f4xx_hal_rcc_ex.c">
      <Filter>Source files\Drivers\STM32F4xx_HAL_Driver\Src</Filter>
    </ClCompile>
    <ClCompile Include="Drivers\STM32F4xx_HAL_Driver\Src\stm32f4xx_hal_tim.c">
      <Filter>Source files\Drivers\STM32F4xx_HAL_Driver\Src</Filter>
    </ClCompile>
    <ClCompile Include="Drivers\STM32F4xx_HAL_Driver\Src\stm32f4xx_hal_tim_ex.c">
      <Filter>Source files\Drivers\STM32F4xx_HAL_Driver\Src</Filter>
    </ClCompile>
    <ClCompile Include="Drivers\STM32F4xx_HAL_Driver\Src\stm32f4xx_hal_uart.c">
      <Filter>Source files\Drivers\STM32F4xx_HAL_Driver\Src</Filter>
    </ClCompile>
    <None Include="stm32.props">
      <Filter>Source files\Device-specific files</Filter>
    </None>
    <ClInclude Include="Core\Inc\main.h">
      <Filter>Header files\Core\Inc</Filter>
    </ClInclude>
    <ClInclude Include="Core\Inc\stm32f4xx_hal_conf.h">
      <Filter>Header files\Core\Inc</Filter>
    </ClInclude>
    <ClInclude Include="Core\Inc\stm32f4xx_it.h">
      <Filter>Header files\Core\Inc</Filter>
    </ClInclude>
    <ClInclude Include="Drivers\CMSIS\Device\ST\STM32F4xx\Include\stm32f446xx.h">
      <Filter>Header files\Drivers\CMSIS\Device\ST\STM32F4xx\Include</Filter>
    </ClInclude>
    <ClInclude Include="Drivers\CMSIS\Device\ST\STM32F4xx\Include\stm32f4xx.h">
      <Filter>Header files\Drivers\CMSIS\Device\ST\STM32F4xx\Include</Filter>
    </ClInclude>
    <ClInclude Include="Drivers\CMSIS\Device\ST\STM32F4xx\Include\system_stm32f4xx.h">
      <Filter>Header files\Drivers\CMSIS\Device\ST\STM32F4xx\Include</Filter>
    </ClInclude>
    <ClInclude Include="Drivers\CMSIS\Include\cachel1_armv7.h">
      <Filter>Header files\Drivers\CMSIS\Include</Filter>
    </ClInclude>
    <ClInclude Include="Drivers\CMSIS\Include\cmsis_armcc.h">
      <Filter>Header files\Drivers\CMSIS\Include</Filter>
    </ClInclude>
    <ClInclude Include="Drivers\CMSIS\Include\cmsis_armclang.h">
      <Filter>Header files\Drivers\CMSIS\Include</Filter>
    </ClInclude>
    <ClInclude Include="Drivers\CMSIS\Include\cmsis_armclang_ltm.h">
      <Filter>Header files\Drivers\CMSIS\Include</Filter>
    </ClInclude>
    <ClInclude Include="Drivers\CMSIS\Include\cmsis_compiler.h">
      <Filter>Header files\Drivers\CMSIS\Include</Filter>
    </ClInclude>
    <ClInclude Include="Drivers\CMSIS\Include\cmsis_gcc.h">
      <Filter>Header files\Drivers\CMSIS\Include</Filter>
    </ClInclude>
    <ClInclude Include="Drivers\CMSIS\Include\cmsis_iccarm.h">
      <Filter>Header files\Drivers\CMSIS\Include</Filter>
    </ClInclude>
    <ClInclude Include="Drivers\CMSIS\Include\cmsis_version.h">
      <Filter>Header files\Drivers\CMSIS\Include</Filter>
    </ClInclude>
    <ClInclude Include="Drivers\CMSIS\Include\core_armv81mml.h">
      <Filter>Header files\Drivers\CMSIS\Include</Filter>
    </ClInclude>
    <ClInclude Include="Drivers\CMSIS\Include\core_armv8mbl.h">
      <Filter>Header files\Drivers\CMSIS\Include</Filter>
    </ClInclude>
    <ClInclude Include="Drivers\CMSIS\Include\core_armv8mml.h">
      <Filter>Header files\Drivers\CMSIS\Include</Filter>
    </ClInclude>
    <ClInclude Include="Drivers\CMSIS\Include\core_cm0.h">
      <Filter>Header files\Drivers\CMSIS\Include</Filter>
    </ClInclude>
    <ClInclude Include="Drivers\CMSIS\Include\core_cm0plus.h">
      <Filter>Header files\Drivers\CMSIS\Include</Filter>
    </ClInclude>
    <ClInclude Include="Drivers\CMSIS\Include\core_cm1.h">
      <Filter>Header files\Drivers\CMSIS\Include</Filter>
    </ClInclude>
    <ClInclude Include="Drivers\CMSIS\Include\core_cm23.h">
      <Filter>Header files\Drivers\CMSIS\Include</Filter>
    </ClInclude>
    <ClInclude Include="Drivers\CMSIS\Include\core_cm3.h">
      <Filter>Header files\Drivers\CMSIS\Include</Filter>
    </ClInclude>
    <ClInclude Include="Drivers\CMSIS\Include\core_cm33.h">
      <Filter>Header files\Drivers\CMSIS\Include</Filter>
    </ClInclude>
    <ClInclude Include="Drivers\CMSIS\Include\core_cm35p.h">
      <Filter>Header files\Drivers\CMSIS\Include</Filter>
    </ClInclude>
    <ClInclude Include="Drivers\CMSIS\Include\core_cm4.h">
      <Filter>Header files\Drivers\CMSIS\Include</Filter>
    </ClInclude>
    <ClInclude Include="Drivers\CMSIS\Include\core_cm55.h">
      <Filter>Header files\Drivers\CMSIS\Include</Filter>
    </ClInclude>
    <ClInclude Include="Drivers\CMSIS\Include\core_cm7.h">
      <Filter>Header files\Drivers\CMSIS\Include</Filter>
    </ClInclude>
    <ClInclude Include="Drivers\CMSIS\Include\core_cm85.h">
      <Filter>Header files\Drivers\CMSIS\Include</Filter>
    </ClInclude>
    <ClInclude Include="Drivers\CMSIS\Include\core_sc000.h">
      <Filter>Header files\Drivers\CMSIS\Include</Filter>
    </ClInclude>
    <ClInclude Include="Drivers\CMSIS\Include\core_sc300.h">
      <Filter>Header files\Drivers\CMSIS\Include</Filter>
    </ClInclude>
    <ClInclude Include="Drivers\CMSIS\Include\core_starmc1.h">
      <Filter>Header files\Drivers\CMSIS\Include</Filter>
    </ClInclude>
    <ClInclude Include="Drivers\CMSIS\Include\mpu_armv7.h">
      <Filter>Header files\Drivers\CMSIS\Include</Filter>
    </ClInclude>
    <ClInclude Include="Drivers\CMSIS\Include\mpu_armv8.h">
      <Filter>Header files\Drivers\CMSIS\Include</Filter>
    </ClInclude>
    <ClInclude Include="Drivers\CMSIS\Include\pac_armv81.h">
      <Filter>Header files\Drivers\CMSIS\Include</Filter>
    </ClInclude>
    <ClInclude Include="Drivers\CMSIS\Include\pmu_armv8.h">
      <Filter>Header files\Drivers\CMSIS\Include</Filter>
    </ClInclude>
    <ClInclude Include="Drivers\CMSIS\Include\tz_context.h">
      <Filter>Header files\Drivers\CMSIS\Include</Filter>
    </ClInclude>
    <ClInclude Include="Drivers\STM32F4xx_HAL_Driver\Inc\stm32f4xx_hal.h">
      <Filter>Header files\Drivers\STM32F4xx_HAL_Driver\Inc</Filter>
    </ClInclude>
    <ClInclude Include="Drivers\STM32F4xx_HAL_Driver\Inc\stm32f4xx_hal_cortex.h">
      <Filter>Header files\Drivers\STM32F4xx_HAL_Driver\Inc</Filter>
    </ClInclude>
    <ClInclude Include="Drivers\STM32F4xx_HAL_Driver\Inc\stm32f4xx_hal_def.h">
      <Filter>Header files\Drivers\STM32F4xx_HAL_Driver\Inc</Filter>
    </ClInclude>
    <ClInclude Include="Drivers\STM32F4xx_HAL_Driver\Inc\stm32f4xx_hal_dma.h">
      <Filter>Header files\Drivers\STM32F4xx_HAL_Driver\Inc</Filter>
    </ClInclude>
    <ClInclude Include="Drivers\STM32F4xx_HAL_Driver\Inc\stm32f4xx_hal_dma_ex.h">
      <Filter>Header files\Drivers\STM32F4xx_HAL_Driver\Inc</Filter>
    </ClInclude>
    <ClInclude Include="Drivers\STM32F4xx_HAL_Driver\Inc\stm32f4xx_hal_exti.h">
      <Filter>Header files\Drivers\STM32F4xx_HAL_Driver\Inc</Filter>
    </ClInclude>
    <ClInclude Include="Drivers\STM32F4xx_HAL_Driver\Inc\stm32f4xx_hal_flash.h">
      <Filter>Header files\Drivers\STM32F4xx_HAL_Driver\Inc</Filter>
    </ClInclude>
    <ClInclude Include="Drivers\STM32F4xx_HAL_Driver\Inc\stm32f4xx_hal_flash_ex.h">
      <Filter>Header files\Drivers\STM32F4xx_HAL_Driver\Inc</Filter>
    </ClInclude>
    <ClInclude Include="Drivers\STM32F4xx_HAL_Driver\Inc\stm32f4xx_hal_flash_ramfunc.h">
      <Filter>Header files\Drivers\STM32F4xx_HAL_Driver\Inc</Filter>
    </ClInclude>
    <ClInclude Include="Drivers\STM32F4xx_HAL_Driver\Inc\stm32f4xx_hal_gpio.h">
      <Filter>Header files\Drivers\STM32F4xx_HAL_Driver\Inc</Filter>
    </ClInclude>
    <ClInclude Include="Drivers\STM32F4xx_HAL_Driver\Inc\stm32f4xx_hal_gpio_ex.h">
      <Filter>Header files\Drivers\STM32F4xx_HAL_Driver\Inc</Filter>
    </ClInclude>
    <ClInclude Include="Drivers\STM32F4xx_HAL_Driver\Inc\stm32f4xx_hal_pwr.h">
      <Filter>Header files\Drivers\STM32F4xx_HAL_Driver\Inc</Filter>
    </ClInclude>
    <ClInclude Include="Drivers\STM32F4xx_HAL_Driver\Inc\stm32f4xx_hal_pwr_ex.h">
      <Filter>Header files\Drivers\STM32F4xx_HAL_Driver\Inc</Filter>
    </ClInclude>
    <ClInclude Include="Drivers\STM32F4xx_HAL_Driver\Inc\stm32f4xx_hal_rcc.h">
      <Filter>Header files\Drivers\STM32F4xx_HAL_Driver\Inc</Filter>
    </ClInclude>
    <ClInclude Include="Drivers\STM32F4xx_HAL_Driver\Inc\stm32f4xx_hal_rcc_ex.h">
      <Filter>Header files\Drivers\STM32F4xx_HAL_Driver\Inc</Filter>
    </ClInclude>
    <ClInclude Include="Drivers\STM32F4xx_HAL_Driver\Inc\stm32f4xx_hal_tim.h">
      <Filter>Header files\Drivers\STM32F4xx_HAL_Driver\Inc</Filter>
    </ClInclude>
    <ClInclude Include="Drivers\STM32F4xx_HAL_Driver\Inc\stm32f4xx_hal_tim_ex.h">
      <Filter>Header files\Drivers\STM32F4xx_HAL_Driver\Inc</Filter>
    </ClInclude>
    <ClInclude Include="Drivers\STM32F4xx_HAL_Driver\Inc\stm32f4xx_hal_uart.h">
      <Filter>Header files\Drivers\STM32F4xx_HAL_Driver\Inc</Filter>
    </ClInclude>
    <ClInclude Include="Drivers\STM32F4xx_HAL_Driver\Inc\stm32f4xx_ll_bus.h">
      <Filter>Header files\Drivers\STM32F4xx_HAL_Driver\Inc</Filter>
    </ClInclude>
    <ClInclude Include="Drivers\STM32F4xx_HAL_Driver\Inc\stm32f4xx_ll_cortex.h">
      <Filter>Header files\Drivers\STM32F4xx_HAL_Driver\Inc</Filter>
    </ClInclude>
    <ClInclude Include="Drivers\STM32F4xx_HAL_Driver\Inc\stm32f4xx_ll_dma.h">
      <Filter>Header files\Drivers\STM32F4xx_HAL_Driver\Inc</Filter>
    </ClInclude>
    <ClInclude Include="Drivers\STM32F4xx_HAL_Driver\Inc\stm32f4xx_ll_exti.h">
      <Filter>Header files\Drivers\STM32F4xx_HAL_Driver\Inc</Filter>
    </ClInclude>
    <ClInclude Include="Drivers\STM32F4xx_HAL_Driver\Inc\stm32f4xx_ll_gpio.h">
      <Filter>Header files\Drivers\STM32F4xx_HAL_Driver\Inc</Filter>
    </ClInclude>
    <ClInclude Include="Drivers\STM32F4xx_HAL_Driver\Inc\stm32f4xx_ll_pwr.h">
      <Filter>Header files\Drivers\STM32F4xx_HAL_Driver\Inc</Filter>
    </ClInclude>
    <ClInclude Include="Drivers\STM32F4xx_HAL_Driver\Inc\stm32f4xx_ll_rcc.h">
      <Filter>Header files\Drivers\STM32F4xx_HAL_Driver\Inc</Filter>
    </ClInclude>
    <ClInclude Include="Drivers\STM32F4xx_HAL_Driver\Inc\stm32f4xx_ll_system.h">
      <Filter>Header files\Drivers\STM32F4xx_HAL_Driver\Inc</Filter>
    </ClInclude>
    <ClInclude Include="Drivers\STM32F4xx_HAL_Driver\Inc\stm32f4xx_ll_usart.h">
      <Filter>Header files\Drivers\STM32F4xx_HAL_Driver\Inc</Filter>
    </ClInclude>
    <ClInclude Include="Drivers\STM32F4xx_HAL_Driver\Inc\stm32f4xx_ll_utils.h">
      <Filter>Header files\Drivers\STM32F4xx_HAL_Driver\Inc</Filter>
    </ClInclude>
    <ClInclude Include="Drivers\STM32F4xx_HAL_Driver\Inc\Legacy\stm32_hal_legacy.h">
      <Filter>Header files\Drivers\STM32F4xx_HAL_Driver\Inc\Legacy</Filter>
    </ClInclude>
    <None Include="Bldc_control-Debug.vgdbsettings">
      <Filter>VisualGDB settings</Filter>
    </None>
    <None Include="Bldc_control-Release.vgdbsettings">
      <Filter>VisualGDB settings</Filter>
    </None>
    <None Include="stm32.xml">
      <Filter>VisualGDB settings</Filter>
    </None>
  </ItemGroup>
</Project>